Microsoft Visual Studio Solution File, Format Version 12.00
# Visual Studio Version 17
VisualStudioVersion = 17.5.2.0
MinimumVisualStudioVersion = 10.0.40219.1
Project("{FAE04EC0-301F-11D3-BF4B-00C04F79EFBC}") = "dotnet", "dotnet\dotnet.csproj", "{4342F9CB-B567-BAAB-EA62-E2794578E78F}"
EndProject
Global
	GlobalSection(SolutionConfigurationPlatforms) = preSolution
		Debug|Any CPU = Debug|Any CPU
		Release|Any CPU = Release|Any CPU
	EndGlobalSection
	GlobalSection(ProjectConfigurationPlatforms) = postSolution
		{4342F9CB-B567-BAAB-EA62-E2794578E78F}.Debug|Any CPU.ActiveCfg = Debug|Any CPU
		{4342F9CB-B567-BAAB-EA62-E2794578E78F}.Debug|Any CPU.Build.0 = Debug|Any CPU
		{4342F9CB-B567-BAAB-EA62-E2794578E78F}.Release|Any CPU.ActiveCfg = Release|Any CPU
		{4342F9CB-B567-BAAB-EA62-E2794578E78F}.Release|Any CPU.Build.0 = Release|Any CPU
	EndGlobalSection
	GlobalSection(SolutionProperties) = preSolution
		HideSolutionNode = FALSE
	EndGlobalSection
	GlobalSection(ExtensibilityGlobals) = postSolution
		SolutionGuid = {1BC474FC-C15E-42DA-95E9-2B76A89CA54C}
	EndGlobalSection
EndGlobal
